{
  "name": "standardtechst",
  "lockfileVersion": 3,
  "requires": true,
  "packages": {
    "": {
      "dependencies": {
        "@tanstack/react-query-devtools": "^5.67.2"
      }
    },
    "node_modules/@tanstack/query-core": {
      "version": "5.67.2",
      "resolved": "https://registry.npmjs.org/@tanstack/query-core/-/query-core-5.67.2.tgz",
      "integrity": "sha512-+iaFJ/pt8TaApCk6LuZ0WHS/ECVfTzrxDOEL9HH9Dayyb5OVuomLzDXeSaI2GlGT/8HN7bDGiRXDts3LV+u6ww==",
      "license": "MIT",
      "peer": true,
      "funding": {
        "type": "github",
        "url": "https://github.com/sponsors/tannerlinsley"
      }
    },
    "node_modules/@tanstack/query-devtools": {
      "version": "5.67.2",
      "resolved": "https://registry.npmjs.org/@tanstack/query-devtools/-/query-devtools-5.67.2.tgz",
      "integrity": "sha512-O4QXFFd7xqp6EX7sdvc9tsVO8nm4lpWBqwpgjpVLW5g7IeOY6VnS/xvs/YzbRhBVkKTMaJMOUGU7NhSX+YGoNg==",
      "license": "MIT",
      "funding": {
        "type": "github",
        "url": "https://github.com/sponsors/tannerlinsley"
      }
    },
    "node_modules/@tanstack/react-query": {
      "version": "5.67.2",
      "resolved": "https://registry.npmjs.org/@tanstack/react-query/-/react-query-5.67.2.tgz",
      "integrity": "sha512-6Sa+BVNJWhAV4QHvIqM73norNeGRWGC3ftN0Ix87cmMvI215I1wyJ44KUTt/9a0V9YimfGcg25AITaYVel71Og==",
      "license": "MIT",
      "peer": true,
      "dependencies": {
        "@tanstack/query-core": "5.67.2"
      },
      "funding": {
        "type": "github",
        "url": "https://github.com/sponsors/tannerlinsley"
      },
      "peerDependencies": {
        "react": "^18 || ^19"
      }
    },
    "node_modules/@tanstack/react-query-devtools": {
      "version": "5.67.2",
      "resolved": "https://registry.npmjs.org/@tanstack/react-query-devtools/-/react-query-devtools-5.67.2.tgz",
      "integrity": "sha512-cmj2DxBc+/9btQ66n5xI8wTtAma2BLVa403K7zIYiguzJ/kV201jnGensYqJeu1Rd8uRMLLRM74jLVMLDWNRJA==",
      "license": "MIT",
      "dependencies": {
        "@tanstack/query-devtools": "5.67.2"
      },
      "funding": {
        "type": "github",
        "url": "https://github.com/sponsors/tannerlinsley"
      },
      "peerDependencies": {
        "@tanstack/react-query": "^5.67.2",
        "react": "^18 || ^19"
      }
    },
    "node_modules/react": {
      "version": "19.0.0",
      "resolved": "https://registry.npmjs.org/react/-/react-19.0.0.tgz",
      "integrity": "sha512-V8AVnmPIICiWpGfm6GLzCR/W5FXLchHop40W4nXBmdlEceh16rCN8O8LNWm5bh5XUX91fh7KpA+W0TgMKmgTpQ==",
      "license": "MIT",
      "peer": true,
      "engines": {
        "node": ">=0.10.0"
      }
    }
  }
}
